// !$*UTF8*$!
{
	archiveVersion = 1;
	classes = {
	};
	objectVersion = 46;
	objects = {

/* Begin PBXBuildFile section */
		9B931BBB187C70FA00DDD705 /* CoreMotion.framework in Frameworks */ = {isa = PBXBuildFile; fileRef = 9B931BBA187C70FA00DDD705 /* CoreMotion.framework */; };
		9BDBB7BC187B431400E166D9 /* Foundation.framework in Frameworks */ = {isa = PBXBuildFile; fileRef = 9BDBB7BB187B431400E166D9 /* Foundation.framework */; };
		9BDBB7BE187B431400E166D9 /* CoreGraphics.framework in Frameworks */ = {isa = PBXBuildFile; fileRef = 9BDBB7BD187B431400E166D9 /* CoreGraphics.framework */; };
		9BDBB7C0187B431400E166D9 /* UIKit.framework in Frameworks */ = {isa = PBXBuildFile; fileRef = 9BDBB7BF187B431400E166D9 /* UIKit.framework */; };
		9BDBB7C6187B431400E166D9 /* InfoPlist.strings in Resources */ = {isa = PBXBuildFile; fileRef = 9BDBB7C4187B431400E166D9 /* InfoPlist.strings */; };
		9BDBB7C8187B431400E166D9 /* main.m in Sources */ = {isa = PBXBuildFile; fileRef = 9BDBB7C7187B431400E166D9 /* main.m */; };
		9BDBB7CC187B431400E166D9 /* E20AppDelegate.m in Sources */ = {isa = PBXBuildFile; fileRef = 9BDBB7CB187B431400E166D9 /* E20AppDelegate.m */; };
		9BDBB7CF187B431400E166D9 /* Main.storyboard in Resources */ = {isa = PBXBuildFile; fileRef = 9BDBB7CD187B431400E166D9 /* Main.storyboard */; };
		9BDBB7D2187B431400E166D9 /* E20ViewController.m in Sources */ = {isa = PBXBuildFile; fileRef = 9BDBB7D1187B431400E166D9 /* E20ViewController.m */; };
		9BDBB7D4187B431400E166D9 /* Images.xcassets in Resources */ = {isa = PBXBuildFile; fileRef = 9BDBB7D3187B431400E166D9 /* Images.xcassets */; };
		9BDBB7DB187B431400E166D9 /* XCTest.framework in Frameworks */ = {isa = PBXBuildFile; fileRef = 9BDBB7DA187B431400E166D9 /* XCTest.framework */; };
		9BDBB7DC187B431400E166D9 /* Foundation.framework in Frameworks */ = {isa = PBXBuildFile; fileRef = 9BDBB7BB187B431400E166D9 /* Foundation.framework */; };
		9BDBB7DD187B431400E166D9 /* UIKit.framework in Frameworks */ = {isa = PBXBuildFile; fileRef = 9BDBB7BF187B431400E166D9 /* UIKit.framework */; };
		9BDBB7E5187B431400E166D9 /* InfoPlist.strings in Resources */ = {isa = PBXBuildFile; fileRef = 9BDBB7E3187B431400E166D9 /* InfoPlist.strings */; };
		9BDBB7E7187B431400E166D9 /* First_tryTests.m in Sources */ = {isa = PBXBuildFile; fileRef = 9BDBB7E6187B431400E166D9 /* First_tryTests.m */; };
		9BDBB7F1187B4EF000E166D9 /* QuartzCore.framework in Frameworks */ = {isa = PBXBuildFile; fileRef = 9BDBB7F0187B4EF000E166D9 /* QuartzCore.framework */; };
		9BDBB800187B5ADA00E166D9 /* View2.m in Sources */ = {isa = PBXBuildFile; fileRef = 9BDBB7FF187B5ADA00E166D9 /* View2.m */; };
		9BEAC90518A3DCCC00AD2AE2 /* E20SensorInfo.mm in Sources */ = {isa = PBXBuildFile; fileRef = 9BEAC90018A3DCCC00AD2AE2 /* E20SensorInfo.mm */; };
		9BEAC90618A3DCCC00AD2AE2 /* E201dDataPoint.m in Sources */ = {isa = PBXBuildFile; fileRef = 9BEAC90218A3DCCC00AD2AE2 /* E201dDataPoint.m */; };
		9BEAC90718A3DCCC00AD2AE2 /* E203dDataPoint.m in Sources */ = {isa = PBXBuildFile; fileRef = 9BEAC90418A3DCCC00AD2AE2 /* E203dDataPoint.m */; };
/* End PBXBuildFile section */

/* Begin PBXContainerItemProxy section */
		9BDBB7DE187B431400E166D9 /* PBXContainerItemProxy */ = {
			isa = PBXContainerItemProxy;
			containerPortal = 9BDBB7B0187B431400E166D9 /* Project object */;
			proxyType = 1;
			remoteGlobalIDString = 9BDBB7B7187B431400E166D9;
			remoteInfo = "First-try";
		};
/* End PBXContainerItemProxy section */

/* Begin PBXFileReference section */
		9B931BBA187C70FA00DDD705 /* CoreMotion.framework */ = {isa = PBXFileReference; lastKnownFileType = wrapper.framework; name = CoreMotion.framework; path = System/Library/Frameworks/CoreMotion.framework; sourceTree = SDKROOT; };
		9BDBB7B8187B431400E166D9 /* First-try.app */ = {isa = PBXFileReference; explicitFileType = wrapper.application; includeInIndex = 0; path = "First-try.app"; sourceTree = BUILT_PRODUCTS_DIR; };
		9BDBB7BB187B431400E166D9 /* Foundation.framework */ = {isa = PBXFileReference; lastKnownFileType = wrapper.framework; name = Foundation.framework; path = System/Library/Frameworks/Foundation.framework; sourceTree = SDKROOT; };
		9BDBB7BD187B431400E166D9 /* CoreGraphics.framework */ = {isa = PBXFileReference; lastKnownFileType = wrapper.framework; name = CoreGraphics.framework; path = System/Library/Frameworks/CoreGraphics.framework; sourceTree = SDKROOT; };
		9BDBB7BF187B431400E166D9 /* UIKit.framework */ = {isa = PBXFileReference; lastKnownFileType = wrapper.framework; name = UIKit.framework; path = System/Library/Frameworks/UIKit.framework; sourceTree = SDKROOT; };
		9BDBB7C3187B431400E166D9 /* First-try-Info.plist */ = {isa = PBXFileReference; lastKnownFileType = text.plist.xml; path = "First-try-Info.plist"; sourceTree = "<group>"; };
		9BDBB7C5187B431400E166D9 /* en */ = {isa = PBXFileReference; lastKnownFileType = text.plist.strings; name = en; path = en.lproj/InfoPlist.strings; sourceTree = "<group>"; };
		9BDBB7C7187B431400E166D9 /* main.m */ = {isa = PBXFileReference; lastKnownFileType = sourcecode.c.objc; path = main.m; sourceTree = "<group>"; };
		9BDBB7C9187B431400E166D9 /* First-try-Prefix.pch */ = {isa = PBXFileReference; lastKnownFileType = sourcecode.c.h; path = "First-try-Prefix.pch"; sourceTree = "<group>"; };
		9BDBB7CA187B431400E166D9 /* E20AppDelegate.h */ = {isa = PBXFileReference; lastKnownFileType = sourcecode.c.h; path = E20AppDelegate.h; sourceTree = "<group>"; };
		9BDBB7CB187B431400E166D9 /* E20AppDelegate.m */ = {isa = PBXFileReference; lastKnownFileType = sourcecode.c.objc; path = E20AppDelegate.m; sourceTree = "<group>"; };
		9BDBB7CE187B431400E166D9 /* Base */ = {isa = PBXFileReference; lastKnownFileType = file.storyboard; name = Base; path = Base.lproj/Main.storyboard; sourceTree = "<group>"; };
		9BDBB7D0187B431400E166D9 /* E20ViewController.h */ = {isa = PBXFileReference; lastKnownFileType = sourcecode.c.h; path = E20ViewController.h; sourceTree = "<group>"; };
		9BDBB7D1187B431400E166D9 /* E20ViewController.m */ = {isa = PBXFileReference; lastKnownFileType = sourcecode.c.objc; path = E20ViewController.m; sourceTree = "<group>"; };
		9BDBB7D3187B431400E166D9 /* Images.xcassets */ = {isa = PBXFileReference; lastKnownFileType = folder.assetcatalog; path = Images.xcassets; sourceTree = "<group>"; };
		9BDBB7D9187B431400E166D9 /* First-tryTests.xctest */ = {isa = PBXFileReference; explicitFileType = wrapper.cfbundle; includeInIndex = 0; path = "First-tryTests.xctest"; sourceTree = BUILT_PRODUCTS_DIR; };
		9BDBB7DA187B431400E166D9 /* XCTest.framework */ = {isa = PBXFileReference; lastKnownFileType = wrapper.framework; name = XCTest.framework; path = Library/Frameworks/XCTest.framework; sourceTree = DEVELOPER_DIR; };
		9BDBB7E2187B431400E166D9 /* First-tryTests-Info.plist */ = {isa = PBXFileReference; lastKnownFileType = text.plist.xml; path = "First-tryTests-Info.plist"; sourceTree = "<group>"; };
		9BDBB7E4187B431400E166D9 /* en */ = {isa = PBXFileReference; lastKnownFileType = text.plist.strings; name = en; path = en.lproj/InfoPlist.strings; sourceTree = "<group>"; };
		9BDBB7E6187B431400E166D9 /* First_tryTests.m */ = {isa = PBXFileReference; lastKnownFileType = sourcecode.c.objc; path = First_tryTests.m; sourceTree = "<group>"; };
		9BDBB7F0187B4EF000E166D9 /* QuartzCore.framework */ = {isa = PBXFileReference; lastKnownFileType = wrapper.framework; name = QuartzCore.framework; path = System/Library/Frameworks/QuartzCore.framework; sourceTree = SDKROOT; };
		9BDBB7FE187B5ADA00E166D9 /* View2.h */ = {isa = PBXFileReference; fileEncoding = 4; lastKnownFileType = sourcecode.c.h; name = View2.h; path = ../View2.h; sourceTree = "<group>"; };
		9BDBB7FF187B5ADA00E166D9 /* View2.m */ = {isa = PBXFileReference; fileEncoding = 4; lastKnownFileType = sourcecode.c.objc; name = View2.m; path = ../View2.m; sourceTree = "<group>"; };
		9BEAC8FF18A3DCCC00AD2AE2 /* E20SensorInfo.h */ = {isa = PBXFileReference; fileEncoding = 4; lastKnownFileType = sourcecode.c.h; path = E20SensorInfo.h; sourceTree = "<group>"; };
		9BEAC90018A3DCCC00AD2AE2 /* E20SensorInfo.mm */ = {isa = PBXFileReference; fileEncoding = 4; lastKnownFileType = sourcecode.cpp.objcpp; path = E20SensorInfo.mm; sourceTree = "<group>"; };
		9BEAC90118A3DCCC00AD2AE2 /* E201dDataPoint.h */ = {isa = PBXFileReference; fileEncoding = 4; lastKnownFileType = sourcecode.c.h; path = E201dDataPoint.h; sourceTree = "<group>"; };
		9BEAC90218A3DCCC00AD2AE2 /* E201dDataPoint.m */ = {isa = PBXFileReference; fileEncoding = 4; lastKnownFileType = sourcecode.c.objc; path = E201dDataPoint.m; sourceTree = "<group>"; };
		9BEAC90318A3DCCC00AD2AE2 /* E203dDataPoint.h */ = {isa = PBXFileReference; fileEncoding = 4; lastKnownFileType = sourcecode.c.h; path = E203dDataPoint.h; sourceTree = "<group>"; };
		9BEAC90418A3DCCC00AD2AE2 /* E203dDataPoint.m */ = {isa = PBXFileReference; fileEncoding = 4; lastKnownFileType = sourcecode.c.objc; path = E203dDataPoint.m; sourceTree = "<group>"; };
/* End PBXFileReference section */

/* Begin PBXFrameworksBuildPhase section */
		9BDBB7B5187B431400E166D9 /* Frameworks */ = {
			isa = PBXFrameworksBuildPhase;
			buildActionMask = 2147483647;
			files = (
				9B931BBB187C70FA00DDD705 /* CoreMotion.framework in Frameworks */,
				9BDBB7F1187B4EF000E166D9 /* QuartzCore.framework in Frameworks */,
				9BDBB7BE187B431400E166D9 /* CoreGraphics.framework in Frameworks */,
				9BDBB7C0187B431400E166D9 /* UIKit.framework in Frameworks */,
				9BDBB7BC187B431400E166D9 /* Foundation.framework in Frameworks */,
			);
			runOnlyForDeploymentPostprocessing = 0;
		};
		9BDBB7D6187B431400E166D9 /* Frameworks */ = {
			isa = PBXFrameworksBuildPhase;
			buildActionMask = 2147483647;
			files = (
				9BDBB7DB187B431400E166D9 /* XCTest.framework in Frameworks */,
				9BDBB7DD187B431400E166D9 /* UIKit.framework in Frameworks */,
				9BDBB7DC187B431400E166D9 /* Foundation.framework in Frameworks */,
			);
			runOnlyForDeploymentPostprocessing = 0;
		};
/* End PBXFrameworksBuildPhase section */

/* Begin PBXGroup section */
		9BDBB7AF187B431400E166D9 = {
			isa = PBXGroup;
			children = (
				9BEAC8FE18A2D4A300AD2AE2 /* Sensor */,
				9BDBB7C1187B431400E166D9 /* First-try */,
				9BDBB7E0187B431400E166D9 /* First-tryTests */,
				9BDBB7BA187B431400E166D9 /* Frameworks */,
				9BDBB7B9187B431400E166D9 /* Products */,
			);
			sourceTree = "<group>";
		};
		9BDBB7B9187B431400E166D9 /* Products */ = {
			isa = PBXGroup;
			children = (
				9BDBB7B8187B431400E166D9 /* First-try.app */,
				9BDBB7D9187B431400E166D9 /* First-tryTests.xctest */,
			);
			name = Products;
			sourceTree = "<group>";
		};
		9BDBB7BA187B431400E166D9 /* Frameworks */ = {
			isa = PBXGroup;
			children = (
				9B931BBA187C70FA00DDD705 /* CoreMotion.framework */,
				9BDBB7F0187B4EF000E166D9 /* QuartzCore.framework */,
				9BDBB7BB187B431400E166D9 /* Foundation.framework */,
				9BDBB7BD187B431400E166D9 /* CoreGraphics.framework */,
				9BDBB7BF187B431400E166D9 /* UIKit.framework */,
				9BDBB7DA187B431400E166D9 /* XCTest.framework */,
			);
			name = Frameworks;
			sourceTree = "<group>";
		};
		9BDBB7C1187B431400E166D9 /* First-try */ = {
			isa = PBXGroup;
			children = (
				9BDBB7CA187B431400E166D9 /* E20AppDelegate.h */,
				9BDBB7CB187B431400E166D9 /* E20AppDelegate.m */,
				9BDBB7CD187B431400E166D9 /* Main.storyboard */,
				9BDBB7D0187B431400E166D9 /* E20ViewController.h */,
				9BDBB7D1187B431400E166D9 /* E20ViewController.m */,
				9BDBB7FE187B5ADA00E166D9 /* View2.h */,
				9BDBB7FF187B5ADA00E166D9 /* View2.m */,
				9BDBB7D3187B431400E166D9 /* Images.xcassets */,
				9BDBB7C2187B431400E166D9 /* Supporting Files */,
			);
			path = "First-try";
			sourceTree = "<group>";
		};
		9BDBB7C2187B431400E166D9 /* Supporting Files */ = {
			isa = PBXGroup;
			children = (
				9BDBB7C3187B431400E166D9 /* First-try-Info.plist */,
				9BDBB7C4187B431400E166D9 /* InfoPlist.strings */,
				9BDBB7C7187B431400E166D9 /* main.m */,
				9BDBB7C9187B431400E166D9 /* First-try-Prefix.pch */,
			);
			name = "Supporting Files";
			sourceTree = "<group>";
		};
		9BDBB7E0187B431400E166D9 /* First-tryTests */ = {
			isa = PBXGroup;
			children = (
				9BDBB7E6187B431400E166D9 /* First_tryTests.m */,
				9BDBB7E1187B431400E166D9 /* Supporting Files */,
			);
			path = "First-tryTests";
			sourceTree = "<group>";
		};
		9BDBB7E1187B431400E166D9 /* Supporting Files */ = {
			isa = PBXGroup;
			children = (
				9BDBB7E2187B431400E166D9 /* First-tryTests-Info.plist */,
				9BDBB7E3187B431400E166D9 /* InfoPlist.strings */,
			);
			name = "Supporting Files";
			sourceTree = "<group>";
		};
		9BEAC8FE18A2D4A300AD2AE2 /* Sensor */ = {
			isa = PBXGroup;
			children = (
				9BEAC8FF18A3DCCC00AD2AE2 /* E20SensorInfo.h */,
				9BEAC90018A3DCCC00AD2AE2 /* E20SensorInfo.mm */,
				9BEAC90118A3DCCC00AD2AE2 /* E201dDataPoint.h */,
				9BEAC90218A3DCCC00AD2AE2 /* E201dDataPoint.m */,
				9BEAC90318A3DCCC00AD2AE2 /* E203dDataPoint.h */,
				9BEAC90418A3DCCC00AD2AE2 /* E203dDataPoint.m */,
			);
			name = Sensor;
			sourceTree = "<group>";
		};
/* End PBXGroup section */

/* Begin PBXNativeTarget section */
		9BDBB7B7187B431400E166D9 /* First-try */ = {
			isa = PBXNativeTarget;
			buildConfigurationList = 9BDBB7EA187B431400E166D9 /* Build configuration list for PBXNativeTarget "First-try" */;
			buildPhases = (
				9BDBB7B4187B431400E166D9 /* Sources */,
				9BDBB7B5187B431400E166D9 /* Frameworks */,
				9BDBB7B6187B431400E166D9 /* Resources */,
			);
			buildRules = (
			);
			dependencies = (
			);
			name = "First-try";
			productName = "First-try";
			productReference = 9BDBB7B8187B431400E166D9 /* First-try.app */;
			productType = "com.apple.product-type.application";
		};
		9BDBB7D8187B431400E166D9 /* First-tryTests */ = {
			isa = PBXNativeTarget;
			buildConfigurationList = 9BDBB7ED187B431400E166D9 /* Build configuration list for PBXNativeTarget "First-tryTests" */;
			buildPhases = (
				9BDBB7D5187B431400E166D9 /* Sources */,
				9BDBB7D6187B431400E166D9 /* Frameworks */,
				9BDBB7D7187B431400E166D9 /* Resources */,
			);
			buildRules = (
			);
			dependencies = (
				9BDBB7DF187B431400E166D9 /* PBXTargetDependency */,
			);
			name = "First-tryTests";
			productName = "First-tryTests";
			productReference = 9BDBB7D9187B431400E166D9 /* First-tryTests.xctest */;
			productType = "com.apple.product-type.bundle.unit-test";
		};
/* End PBXNativeTarget section */

/* Begin PBXProject section */
		9BDBB7B0187B431400E166D9 /* Project object */ = {
			isa = PBXProject;
			attributes = {
				CLASSPREFIX = E20;
				LastUpgradeCheck = 0500;
				ORGANIZATIONNAME = "E-Twenty Dev";
				TargetAttributes = {
					9BDBB7D8187B431400E166D9 = {
						TestTargetID = 9BDBB7B7187B431400E166D9;
					};
				};
			};
			buildConfigurationList = 9BDBB7B3187B431400E166D9 /* Build configuration list for PBXProject "First-try" */;
			compatibilityVersion = "Xcode 3.2";
			developmentRegion = English;
			hasScannedForEncodings = 0;
			knownRegions = (
				en,
				Base,
			);
			mainGroup = 9BDBB7AF187B431400E166D9;
			productRefGroup = 9BDBB7B9187B431400E166D9 /* Products */;
			projectDirPath = "";
			projectRoot = "";
			targets = (
				9BDBB7B7187B431400E166D9 /* First-try */,
				9BDBB7D8187B431400E166D9 /* First-tryTests */,
			);
		};
/* End PBXProject section */

/* Begin PBXResourcesBuildPhase section */
		9BDBB7B6187B431400E166D9 /* Resources */ = {
			isa = PBXResourcesBuildPhase;
			buildActionMask = 2147483647;
			files = (
				9BDBB7D4187B431400E166D9 /* Images.xcassets in Resources */,
				9BDBB7C6187B431400E166D9 /* InfoPlist.strings in Resources */,
				9BDBB7CF187B431400E166D9 /* Main.storyboard in Resources */,
			);
			runOnlyForDeploymentPostprocessing = 0;
		};
		9BDBB7D7187B431400E166D9 /* Resources */ = {
			isa = PBXResourcesBuildPhase;
			buildActionMask = 2147483647;
			files = (
				9BDBB7E5187B431400E166D9 /* InfoPlist.strings in Resources */,
			);
			runOnlyForDeploymentPostprocessing = 0;
		};
/* End PBXResourcesBuildPhase section */

/* Begin PBXSourcesBuildPhase section */
		9BDBB7B4187B431400E166D9 /* Sources */ = {
			isa = PBXSourcesBuildPhase;
			buildActionMask = 2147483647;
			files = (
				9BDBB7D2187B431400E166D9 /* E20ViewController.m in Sources */,
				9BEAC90518A3DCCC00AD2AE2 /* E20SensorInfo.mm in Sources */,
				9BEAC90718A3DCCC00AD2AE2 /* E203dDataPoint.m in Sources */,
				9BDBB7CC187B431400E166D9 /* E20AppDelegate.m in Sources */,
				9BDBB7C8187B431400E166D9 /* main.m in Sources */,
				9BDBB800187B5ADA00E166D9 /* View2.m in Sources */,
				9BEAC90618A3DCCC00AD2AE2 /* E201dDataPoint.m in Sources */,
			);
			runOnlyForDeploymentPostprocessing = 0;
		};
		9BDBB7D5187B431400E166D9 /* Sources */ = {
			isa = PBXSourcesBuildPhase;
			buildActionMask = 2147483647;
			files = (
				9BDBB7E7187B431400E166D9 /* First_tryTests.m in Sources */,
			);
			runOnlyForDeploymentPostprocessing = 0;
		};
/* End PBXSourcesBuildPhase section */

/* Begin PBXTargetDependency section */
		9BDBB7DF187B431400E166D9 /* PBXTargetDependency */ = {
			isa = PBXTargetDependency;
			target = 9BDBB7B7187B431400E166D9 /* First-try */;
			targetProxy = 9BDBB7DE187B431400E166D9 /* PBXContainerItemProxy */;
		};
/* End PBXTargetDependency section */

/* Begin PBXVariantGroup section */
		9BDBB7C4187B431400E166D9 /* InfoPlist.strings */ = {
			isa = PBXVariantGroup;
			children = (
				9BDBB7C5187B431400E166D9 /* en */,
			);
			name = InfoPlist.strings;
			sourceTree = "<group>";
		};
		9BDBB7CD187B431400E166D9 /* Main.storyboard */ = {
			isa = PBXVariantGroup;
			children = (
				9BDBB7CE187B431400E166D9 /* Base */,
			);
			name = Main.storyboard;
			sourceTree = "<group>";
		};
		9BDBB7E3187B431400E166D9 /* InfoPlist.strings */ = {
			isa = PBXVariantGroup;
			children = (
				9BDBB7E4187B431400E166D9 /* en */,
			);
			name = InfoPlist.strings;
			sourceTree = "<group>";
		};
/* End PBXVariantGroup section */

/* Begin XCBuildConfiguration section */
		9BDBB7E8187B431400E166D9 /* Debug */ = {
			isa = XCBuildConfiguration;
			buildSettings = {
				ALWAYS_SEARCH_USER_PATHS = NO;
				ARCHS = "$(ARCHS_STANDARD_INCLUDING_64_BIT)";
				CLANG_CXX_LANGUAGE_STANDARD = "gnu++0x";
				CLANG_CXX_LIBRARY = "libc++";
				CLANG_ENABLE_MODULES = YES;
				CLANG_ENABLE_OBJC_ARC = YES;
				CLANG_WARN_BOOL_CONVERSION = YES;
				CLANG_WARN_CONSTANT_CONVERSION = YES;
				CLANG_WARN_DIRECT_OBJC_ISA_USAGE = YES_ERROR;
				CLANG_WARN_EMPTY_BODY = YES;
				CLANG_WARN_ENUM_CONVERSION = YES;
				CLANG_WARN_INT_CONVERSION = YES;
				CLANG_WARN_OBJC_ROOT_CLASS = YES_ERROR;
				CLANG_WARN__DUPLICATE_METHOD_MATCH = YES;
				"CODE_SIGN_IDENTITY[sdk=iphoneos*]" = "iPhone Developer";
				COPY_PHASE_STRIP = NO;
				GCC_C_LANGUAGE_STANDARD = gnu99;
				GCC_DYNAMIC_NO_PIC = NO;
				GCC_OPTIMIZATION_LEVEL = 0;
				GCC_PREPROCESSOR_DEFINITIONS = (
					"DEBUG=1",
					"$(inherited)",
				);
				GCC_SYMBOLS_PRIVATE_EXTERN = NO;
				GCC_WARN_64_TO_32_BIT_CONVERSION = YES;
				GCC_WARN_ABOUT_RETURN_TYPE = YES_ERROR;
				GCC_WARN_UNDECLARED_SELECTOR = YES;
				GCC_WARN_UNINITIALIZED_AUTOS = YES;
				GCC_WARN_UNUSED_FUNCTION = YES;
				GCC_WARN_UNUSED_VARIABLE = YES;
				IPHONEOS_DEPLOYMENT_TARGET = 7.0;
				ONLY_ACTIVE_ARCH = YES;
				SDKROOT = iphoneos;
			};
			name = Debug;
		};
		9BDBB7E9187B431400E166D9 /* Release */ = {
			isa = XCBuildConfiguration;
			buildSettings = {
				ALWAYS_SEARCH_USER_PATHS = NO;
				ARCHS = "$(ARCHS_STANDARD_INCLUDING_64_BIT)";
				CLANG_CXX_LANGUAGE_STANDARD = "gnu++0x";
				CLANG_CXX_LIBRARY = "libc++";
				CLANG_ENABLE_MODULES = YES;
				CLANG_ENABLE_OBJC_ARC = YES;
				CLANG_WARN_BOOL_CONVERSION = YES;
				CLANG_WARN_CONSTANT_CONVERSION = YES;
				CLANG_WARN_DIRECT_OBJC_ISA_USAGE = YES_ERROR;
				CLANG_WARN_EMPTY_BODY = YES;
				CLANG_WARN_ENUM_CONVERSION = YES;
				CLANG_WARN_INT_CONVERSION = YES;
				CLANG_WARN_OBJC_ROOT_CLASS = YES_ERROR;
				CLANG_WARN__DUPLICATE_METHOD_MATCH = YES;
				"CODE_SIGN_IDENTITY[sdk=iphoneos*]" = "iPhone Developer";
				COPY_PHASE_STRIP = YES;
				ENABLE_NS_ASSERTIONS = NO;
				GCC_C_LANGUAGE_STANDARD = gnu99;
				GCC_WARN_64_TO_32_BIT_CONVERSION = YES;
				GCC_WARN_ABOUT_RETURN_TYPE = YES_ERROR;
				GCC_WARN_UNDECLARED_SELECTOR = YES;
				GCC_WARN_UNINITIALIZED_AUTOS = YES;
				GCC_WARN_UNUSED_FUNCTION = YES;
				GCC_WARN_UNUSED_VARIABLE = YES;
				IPHONEOS_DEPLOYMENT_TARGET = 7.0;
				SDKROOT = iphoneos;
				VALIDATE_PRODUCT = YES;
			};
			name = Release;
		};
		9BDBB7EB187B431400E166D9 /* Debug */ = {
			isa = XCBuildConfiguration;
			buildSettings = {
				ASSETCATALOG_COMPILER_APPICON_NAME = AppIcon;
				ASSETCATALOG_COMPILER_LAUNCHIMAGE_NAME = LaunchImage;
				CODE_SIGN_IDENTITY = "iPhone Developer";
				GCC_PRECOMPILE_PREFIX_HEADER = YES;
				GCC_PREFIX_HEADER = "First-try/First-try-Prefix.pch";
				INFOPLIST_FILE = "First-try/First-try-Info.plist";
				IPHONEOS_DEPLOYMENT_TARGET = 7.0;
				PRODUCT_NAME = "$(TARGET_NAME)";
				TARGETED_DEVICE_FAMILY = 2;
				WRAPPER_EXTENSION = app;
			};
			name = Debug;
		};
		9BDBB7EC187B431400E166D9 /* Release */ = {
			isa = XCBuildConfiguration;
			buildSettings = {
				ASSETCATALOG_COMPILER_APPICON_NAME = AppIcon;
				ASSETCATALOG_COMPILER_LAUNCHIMAGE_NAME = LaunchImage;
				CODE_SIGN_IDENTITY = "iPhone Developer";
				GCC_PRECOMPILE_PREFIX_HEADER = YES;
				GCC_PREFIX_HEADER = "First-try/First-try-Prefix.pch";
				INFOPLIST_FILE = "First-try/First-try-Info.plist";
				IPHONEOS_DEPLOYMENT_TARGET = 7.0;
				PRODUCT_NAME = "$(TARGET_NAME)";
				TARGETED_DEVICE_FAMILY = 2;
				WRAPPER_EXTENSION = app;
			};
			name = Release;
		};
		9BDBB7EE187B431400E166D9 /* Debug */ = {
			isa = XCBuildConfiguration;
			buildSettings = {
				ARCHS = "$(ARCHS_STANDARD_INCLUDING_64_BIT)";
				BUNDLE_LOADER = "$(BUILT_PRODUCTS_DIR)/First-try.app/First-try";
				FRAMEWORK_SEARCH_PATHS = (
					"$(SDKROOT)/Developer/Library/Frameworks",
					"$(inherited)",
					"$(DEVELOPER_FRAMEWORKS_DIR)",
				);
				GCC_PRECOMPILE_PREFIX_HEADER = YES;
				GCC_PREFIX_HEADER = "First-try/First-try-Prefix.pch";
				GCC_PREPROCESSOR_DEFINITIONS = (
					"DEBUG=1",
					"$(inherited)",
				);
				INFOPLIST_FILE = "First-tryTests/First-tryTests-Info.plist";
				PRODUCT_NAME = "$(TARGET_NAME)";
				TEST_HOST = "$(BUNDLE_LOADER)";
				WRAPPER_EXTENSION = xctest;
			};
			name = Debug;
		};
		9BDBB7EF187B431400E166D9 /* Release */ = {
			isa = XCBuildConfiguration;
			buildSettings = {
				ARCHS = "$(ARCHS_STANDARD_INCLUDING_64_BIT)";
				BUNDLE_LOADER = "$(BUILT_PRODUCTS_DIR)/First-try.app/First-try";
				FRAMEWORK_SEARCH_PATHS = (
					"$(SDKROOT)/Developer/Library/Frameworks",
					"$(inherited)",
					"$(DEVELOPER_FRAMEWORKS_DIR)",
				);
				GCC_PRECOMPILE_PREFIX_HEADER = YES;
				GCC_PREFIX_HEADER = "First-try/First-try-Prefix.pch";
				INFOPLIST_FILE = "First-tryTests/First-tryTests-Info.plist";
				PRODUCT_NAME = "$(TARGET_NAME)";
				TEST_HOST = "$(BUNDLE_LOADER)";
				WRAPPER_EXTENSION = xctest;
			};
			name = Release;
		};
/* End XCBuildConfiguration section */

/* Begin XCConfigurationList section */
		9BDBB7B3187B431400E166D9 /* Build configuration list for PBXProject "First-try" */ = {
			isa = XCConfigurationList;
			buildConfigurations = (
				9BDBB7E8187B431400E166D9 /* Debug */,
				9BDBB7E9187B431400E166D9 /* Release */,
			);
			defaultConfigurationIsVisible = 0;
			defaultConfigurationName = Release;
		};
		9BDBB7EA187B431400E166D9 /* Build configuration list for PBXNativeTarget "First-try" */ = {
			isa = XCConfigurationList;
			buildConfigurations = (
				9BDBB7EB187B431400E166D9 /* Debug */,
				9BDBB7EC187B431400E166D9 /* Release */,
			);
			defaultConfigurationIsVisible = 0;
			defaultConfigurationName = Release;
		};
		9BDBB7ED187B431400E166D9 /* Build configuration list for PBXNativeTarget "First-tryTests" */ = {
			isa = XCConfigurationList;
			buildConfigurations = (
				9BDBB7EE187B431400E166D9 /* Debug */,
				9BDBB7EF187B431400E166D9 /* Release */,
			);
			defaultConfigurationIsVisible = 0;
			defaultConfigurationName = Release;
		};
/* End XCConfigurationList section */
	};
	rootObject = 9BDBB7B0187B431400E166D9 /* Project object */;
}
